# This file is autogenerated, do not edit; changes may be undone by the next 'dep ensure'.


[[projects]]
  branch = "master"
  digest = "1:3bcb4cb52533b0a256f4e79e4bdf2440818e9422bd1e4e69ea3ff8d6a65f8113"
  name = "github.com/cdevr/WapSNMP"
  packages = ["."]
  pruneopts = "UT"
  revision = "94cbc6d187508e069da813a406056e5f92c65bc6"

[[projects]]
  digest = "1:ffe9824d294da03b391f44e1ae8281281b4afc1bdaa9588c9097785e3af10cec"
  name = "github.com/davecgh/go-spew"
  packages = ["spew"]
  pruneopts = "UT"
  revision = "8991bc29aa16c548c550c7ff78260e27b9ab7c73"
  version = "v1.1.1"

[[projects]]
  branch = "master"
  digest = "1:6fe16708356f94f1d18300c9b04630cd47f8ad542dd33e73f321db397f482dff"
  name = "github.com/ebookbug/gosnmptrap"
  packages = ["."]
  pruneopts = "UT"
  revision = "01a706c0f994bd53cd46c0f93046297e9c0637f9"

[[projects]]
  branch = "master"
  digest = "1:28f8bdb5bfb279f6893037a3bc22f7a2a1f4cbc6ccba0b2b12918c3f2a4d09d8"
  name = "github.com/geoffgarside/ber"
  packages = ["."]
  pruneopts = "UT"
  revision = "27a1aff36ce64dbe5d93c08cc5f161983134ddc5"

[[projects]]
  digest = "1:52413a50ae4941a1ff8ec507ee39a666dd38538883c72f5f662f3629ce00bc9f"
  name = "github.com/k-sone/snmpgo"
  packages = ["."]
  pruneopts = "UT"
  revision = "de09377ff34857b08afdc16ea8c7c2929eb1fc6e"
  version = "v3.2.0"

[[projects]]
  digest = "1:0028cb19b2e4c3112225cd871870f2d9cf49b9b4276531f03438a88e94be86fe"
  name = "github.com/pmezard/go-difflib"
  packages = ["difflib"]
  pruneopts = "UT"
  revision = "792786c7400a136282c1664665ae0a8db921c6c2"
  version = "v1.0.0"

[[projects]]
  digest = "1:5f685b4541d7f8d9dce742683f4feec424dbec7deb1d59bd82172fc3e9d0d86b"
  name = "github.com/prometheus/alertmanager"
  packages = [
    "template",
    "template/internal/deftmpl",
    "types",
  ]
  pruneopts = "UT"
  revision = "d4a7697cc90f8bce62efe7c44b63b542578ec0a1"
  version = "v0.15.3"

[[projects]]
  digest = "1:644d7e65ea431241ea1b95ae423634da11e6a2776a36f0049b49eac9defb877b"
  name = "github.com/prometheus/common"
  packages = ["model"]
  pruneopts = "UT"
  revision = "7600349dcfe1abd18d72d3a1770870d9800a7801"

[[projects]]
  digest = "1:36a75ab002c1cfb43bcc5d2ec10fbdc2a1136e9246a65e535f1d827435f28f17"
  name = "github.com/sirupsen/logrus"
  packages = ["."]
  pruneopts = "UT"
  revision = "418b41d23a1bf978c06faea5313ba194650ac088"
  version = "v0.8.7"

[[projects]]
  digest = "1:18752d0b95816a1b777505a97f71c7467a8445b8ffb55631a7bf779f6ba4fa83"
  name = "github.com/stretchr/testify"
  packages = ["assert"]
  pruneopts = "UT"
  revision = "f35b8ab0b5a2cef36673838d662e249dd9c94686"
  version = "v1.2.2"

[solve-meta]
  analyzer-name = "dep"
  analyzer-version = 1
  input-imports = [
    "github.com/ebookbug/gosnmptrap",
    "github.com/k-sone/snmpgo",
    "github.com/prometheus/alertmanager/template",
    "github.com/sirupsen/logrus",
    "github.com/stretchr/testify/assert",
  ]
  solver-name = "gps-cdcl"
  solver-version = 1
